
Microsoft Visual Studio Solution File, Format Version 12.00
# Visual Studio Version 16
VisualStudioVersion = 16.0.31624.102
MinimumVisualStudioVersion = 10.0.40219.1
Project("{FAE04EC0-301F-11D3-BF4B-00C04F79EFBC}") = "DAY6", "DAY6.csproj", "{089F1FFB-2CE3-4373-9B65-F453BA7FD431}"
EndProject
Global
	GlobalSection(SolutionConfigurationPlatforms) = preSolution
		Debug|Any CPU = Debug|Any CPU
		Release|Any CPU = Release|Any CPU
	EndGlobalSection
	GlobalSection(ProjectConfigurationPlatforms) = postSolution
		{089F1FFB-2CE3-4373-9B65-F453BA7FD431}.Debug|Any CPU.ActiveCfg = Debug|Any CPU
		{089F1FFB-2CE3-4373-9B65-F453BA7FD431}.Debug|Any CPU.Build.0 = Debug|Any CPU
		{089F1FFB-2CE3-4373-9B65-F453BA7FD431}.Release|Any CPU.ActiveCfg = Release|Any CPU
		{089F1FFB-2CE3-4373-9B65-F453BA7FD431}.Release|Any CPU.Build.0 = Release|Any CPU
	EndGlobalSection
	GlobalSection(SolutionProperties) = preSolution
		HideSolutionNode = FALSE
	EndGlobalSection
	GlobalSection(ExtensibilityGlobals) = postSolution
		SolutionGuid = {BC53DEB0-3C13-4C6E-A2C6-C666D9F36FBC}
	EndGlobalSection
EndGlobal
